
Microsoft Visual Studio Solution File, Format Version 12.00
# Visual Studio Version 17
VisualStudioVersion = 17.10.35027.167
MinimumVisualStudioVersion = 10.0.40219.1
Project("{2150E333-8FDC-42A3-9474-1A3956D46DE8}") = "Solution Items", "Solution Items", "{F3641914-22C9-4457-AB4B-60B5519BEEC0}"
	ProjectSection(SolutionItems) = preProject
		Directory.build.props = Directory.build.props
	EndProjectSection
EndProject
Project("{2150E333-8FDC-42A3-9474-1A3956D46DE8}") = "Tests", "Tests", "{6D930476-C109-4105-9659-300DA534D5B4}"
EndProject
Project("{9A19103F-16F7-4668-BE54-9A1E7A4F7556}") = "InMemoryEventStore.UnitTests", "InMemoryEventStore.UnitTests\InMemoryEventStore.UnitTests.csproj", "{8ED851D8-AFFF-48CB-B76A-EE5A9E0D92AA}"
EndProject
Project("{9A19103F-16F7-4668-BE54-9A1E7A4F7556}") = "InMemoryEventStore.Abstractions", "InMemoryEventStore.Abstractions\InMemoryEventStore.Abstractions.csproj", "{F7E41B8C-7A9C-4DF7-9287-C5C49608B7F7}"
EndProject
Project("{9A19103F-16F7-4668-BE54-9A1E7A4F7556}") = "InMemoryEventStore.Storage", "InMemoryEventStore.Storage\InMemoryEventStore.Storage.csproj", "{10C51613-59A5-4179-A0E2-E194B41CD183}"
EndProject
Global
	GlobalSection(SolutionConfigurationPlatforms) = preSolution
		Debug|Any CPU = Debug|Any CPU
		Release|Any CPU = Release|Any CPU
	EndGlobalSection
	GlobalSection(ProjectConfigurationPlatforms) = postSolution
		{8ED851D8-AFFF-48CB-B76A-EE5A9E0D92AA}.Debug|Any CPU.ActiveCfg = Debug|Any CPU
		{8ED851D8-AFFF-48CB-B76A-EE5A9E0D92AA}.Debug|Any CPU.Build.0 = Debug|Any CPU
		{8ED851D8-AFFF-48CB-B76A-EE5A9E0D92AA}.Release|Any CPU.ActiveCfg = Release|Any CPU
		{8ED851D8-AFFF-48CB-B76A-EE5A9E0D92AA}.Release|Any CPU.Build.0 = Release|Any CPU
		{F7E41B8C-7A9C-4DF7-9287-C5C49608B7F7}.Debug|Any CPU.ActiveCfg = Debug|Any CPU
		{F7E41B8C-7A9C-4DF7-9287-C5C49608B7F7}.Debug|Any CPU.Build.0 = Debug|Any CPU
		{F7E41B8C-7A9C-4DF7-9287-C5C49608B7F7}.Release|Any CPU.ActiveCfg = Release|Any CPU
		{F7E41B8C-7A9C-4DF7-9287-C5C49608B7F7}.Release|Any CPU.Build.0 = Release|Any CPU
		{10C51613-59A5-4179-A0E2-E194B41CD183}.Debug|Any CPU.ActiveCfg = Debug|Any CPU
		{10C51613-59A5-4179-A0E2-E194B41CD183}.Debug|Any CPU.Build.0 = Debug|Any CPU
		{10C51613-59A5-4179-A0E2-E194B41CD183}.Release|Any CPU.ActiveCfg = Release|Any CPU
		{10C51613-59A5-4179-A0E2-E194B41CD183}.Release|Any CPU.Build.0 = Release|Any CPU
	EndGlobalSection
	GlobalSection(SolutionProperties) = preSolution
		HideSolutionNode = FALSE
	EndGlobalSection
	GlobalSection(NestedProjects) = preSolution
		{8ED851D8-AFFF-48CB-B76A-EE5A9E0D92AA} = {6D930476-C109-4105-9659-300DA534D5B4}
	EndGlobalSection
	GlobalSection(ExtensibilityGlobals) = postSolution
		SolutionGuid = {7D8B71CC-FB64-48DE-8C55-02792F74AFEF}
	EndGlobalSection
EndGlobal
